
Microsoft Visual Studio Solution File, Format Version 10.00
# Visual Studio 2008
Project("{FAE04EC0-301F-11D3-BF4B-00C04F79EFBC}") = "ClassLibrary1", "ClassLibrary1\ClassLibrary1.csproj", "{770E5875-184E-4C19-B998-D2881C37EC75}"
EndProject
Project("{54435603-DBB4-11D2-8724-00A0C9A8B90C}") = "ImageCaptureSetup", "ImageCaptureSetup\ImageCaptureSetup.vdproj", "{B65F1A02-1A19-4AE8-9581-C6B2BE83428F}"
EndProject
Project("{54435603-DBB4-11D2-8724-00A0C9A8B90C}") = "Cab112", "Cab112\Cab112.vdproj", "{9342769A-62DA-47FA-A522-4766BA19CF0A}"
EndProject
Global
	GlobalSection(SolutionConfigurationPlatforms) = preSolution
		Debug|Any CPU = Debug|Any CPU
		Release|Any CPU = Release|Any CPU
	EndGlobalSection
	GlobalSection(ProjectConfigurationPlatforms) = postSolution
		{770E5875-184E-4C19-B998-D2881C37EC75}.Debug|Any CPU.ActiveCfg = Debug|Any CPU
		{770E5875-184E-4C19-B998-D2881C37EC75}.Debug|Any CPU.Build.0 = Debug|Any CPU
		{770E5875-184E-4C19-B998-D2881C37EC75}.Release|Any CPU.ActiveCfg = Release|Any CPU
		{770E5875-184E-4C19-B998-D2881C37EC75}.Release|Any CPU.Build.0 = Release|Any CPU
		{B65F1A02-1A19-4AE8-9581-C6B2BE83428F}.Debug|Any CPU.ActiveCfg = Debug
		{B65F1A02-1A19-4AE8-9581-C6B2BE83428F}.Release|Any CPU.ActiveCfg = Release
		{9342769A-62DA-47FA-A522-4766BA19CF0A}.Debug|Any CPU.ActiveCfg = Debug
		{9342769A-62DA-47FA-A522-4766BA19CF0A}.Debug|Any CPU.Build.0 = Debug
		{9342769A-62DA-47FA-A522-4766BA19CF0A}.Release|Any CPU.ActiveCfg = Release
		{9342769A-62DA-47FA-A522-4766BA19CF0A}.Release|Any CPU.Build.0 = Release
	EndGlobalSection
	GlobalSection(SolutionProperties) = preSolution
		HideSolutionNode = FALSE
	EndGlobalSection
EndGlobal
